<?xml version="1.0" encoding="utf-8"?>
<Project ToolsVersion="4.0" xmlns="http://schemas.microsoft.com/developer/msbuild/2003">
  <ItemGroup>
    <Text Include="ReadMe.txt" />
  </ItemGroup>
  <ItemGroup>
    <Filter Include="Project Files">
      <UniqueIdentifier>{21f5b773-4107-4df0-82a4-335976214441}</UniqueIdentifier>
    </Filter>
    <Filter Include="Interfaces">
      <UniqueIdentifier>{6cbf7490-a4be-40b0-b9c2-7b74bdbddddc}</UniqueIdentifier>
    </Filter>
    <Filter Include="Model">
      <UniqueIdentifier>{f8ffe730-b075-40b4-af15-4b51e08368f8}</UniqueIdentifier>
    </Filter>
    <Filter Include="Serialization">
      <UniqueIdentifier>{b80c1863-ab02-4c2c-975d-f5e66198df03}</UniqueIdentifier>
    </Filter>
    <Filter Include="3rdParty">
      <UniqueIdentifier>{bcec4c09-11ec-4786-ac69-d77a3024a713}</UniqueIdentifier>
    </Filter>
  </ItemGroup>
  <ItemGroup>
    <ClCompile Include="..\..\src\MonoLib\Project Files\MonoLib.cpp">
      <Filter>Project Files</Filter>
    </ClCompile>
    <ClCompile Include="..\..\src\MonoLib\Project Files\dllmain.cpp">
      <Filter>Project Files</Filter>
    </ClCompile>
    <ClCompile Include="..\..\src\MonoLib\Project Files\stdafx.cpp">
      <Filter>Project Files</Filter>
    </ClCompile>
    <ClCompile Include="..\..\src\MonoLib\Serialization\XMLSerializer.cpp">
      <Filter>Serialization</Filter>
    </ClCompile>
    <ClCompile Include="..\..\src\MonoLib\Model\BaseDocument.cpp">
      <Filter>Model</Filter>
    </ClCompile>
    <ClCompile Include="..\..\src\MonoLib\3rdParty\TinyXML2.cpp">
      <Filter>3rdParty</Filter>
    </ClCompile>
  </ItemGroup>
  <ItemGroup>
    <ClInclude Include="..\..\src\MonoLib\Project Files\MonoLib.h">
      <Filter>Project Files</Filter>
    </ClInclude>
    <ClInclude Include="..\..\src\MonoLib\Project Files\targetver.h">
      <Filter>Project Files</Filter>
    </ClInclude>
    <ClInclude Include="..\..\src\MonoLib\stdafx.h" />
    <ClInclude Include="..\..\src\MonoLib\Interfaces\Interfaces.h">
      <Filter>Interfaces</Filter>
    </ClInclude>
    <ClInclude Include="..\..\src\MonoLib\Serialization\XMLSerializer.h">
      <Filter>Serialization</Filter>
    </ClInclude>
    <ClInclude Include="..\..\src\MonoLib\Model\BaseDocument.h">
      <Filter>Model</Filter>
    </ClInclude>
    <ClInclude Include="..\..\src\MonoLib\3rdParty\TinyXML2.h">
      <Filter>3rdParty</Filter>
    </ClInclude>
  </ItemGroup>
</Project>